
Microsoft Visual Studio Solution File, Format Version 9.00
# Visual Studio 2005
Project("{FAE04EC0-301F-11D3-BF4B-00C04F79EFBC}") = "Reversi", "Reversi\Reversi.csproj", "{38B731A7-490C-4C1C-B2E8-32141D034828}"
EndProject
Global
	GlobalSection(SolutionConfigurationPlatforms) = preSolution
		Debug|Any CPU = Debug|Any CPU
		Release|Any CPU = Release|Any CPU
	EndGlobalSection
	GlobalSection(ProjectConfigurationPlatforms) = postSolution
		{38B731A7-490C-4C1C-B2E8-32141D034828}.Debug|Any CPU.ActiveCfg = Debug|Any CPU
		{38B731A7-490C-4C1C-B2E8-32141D034828}.Debug|Any CPU.Build.0 = Debug|Any CPU
		{38B731A7-490C-4C1C-B2E8-32141D034828}.Release|Any CPU.ActiveCfg = Release|Any CPU
		{38B731A7-490C-4C1C-B2E8-32141D034828}.Release|Any CPU.Build.0 = Release|Any CPU
	EndGlobalSection
	GlobalSection(SolutionProperties) = preSolution
		HideSolutionNode = FALSE
	EndGlobalSection
EndGlobal
